
Microsoft Visual Studio Solution File, Format Version 12.00
# Visual Studio Version 17
VisualStudioVersion = 17.9.34902.65
MinimumVisualStudioVersion = 10.0.40219.1
Project("{FAE04EC0-301F-11D3-BF4B-00C04F79EFBC}") = "pong pro", "pong pro\pong pro.csproj", "{32F4C899-A251-42A2-AFE8-632AF9B09CFE}"
EndProject
Global
	GlobalSection(SolutionConfigurationPlatforms) = preSolution
		Debug|Any CPU = Debug|Any CPU
		Release|Any CPU = Release|Any CPU
	EndGlobalSection
	GlobalSection(ProjectConfigurationPlatforms) = postSolution
		{32F4C899-A251-42A2-AFE8-632AF9B09CFE}.Debug|Any CPU.ActiveCfg = Debug|Any CPU
		{32F4C899-A251-42A2-AFE8-632AF9B09CFE}.Debug|Any CPU.Build.0 = Debug|Any CPU
		{32F4C899-A251-42A2-AFE8-632AF9B09CFE}.Release|Any CPU.ActiveCfg = Release|Any CPU
		{32F4C899-A251-42A2-AFE8-632AF9B09CFE}.Release|Any CPU.Build.0 = Release|Any CPU
	EndGlobalSection
	GlobalSection(SolutionProperties) = preSolution
		HideSolutionNode = FALSE
	EndGlobalSection
	GlobalSection(ExtensibilityGlobals) = postSolution
		SolutionGuid = {90EF95D2-63E3-4B74-9B3E-7CE3BBBD0141}
	EndGlobalSection
EndGlobal
